
Microsoft Visual Studio Solution File, Format Version 12.00
# Visual Studio 2012
Project("{A0786B88-2ADB-4C21-ABE8-AA2D79766269}") = "AnTM", "AnTM\AnTM.phpproj", "{B2A7EF04-0939-4DC3-B523-F9867B90B00C}"
EndProject
Global
	GlobalSection(SolutionConfigurationPlatforms) = preSolution
		Debug|Any CPU = Debug|Any CPU
		Release|Any CPU = Release|Any CPU
	EndGlobalSection
	GlobalSection(ProjectConfigurationPlatforms) = postSolution
		{B2A7EF04-0939-4DC3-B523-F9867B90B00C}.Debug|Any CPU.ActiveCfg = Debug|Any CPU
		{B2A7EF04-0939-4DC3-B523-F9867B90B00C}.Debug|Any CPU.Build.0 = Debug|Any CPU
		{B2A7EF04-0939-4DC3-B523-F9867B90B00C}.Release|Any CPU.ActiveCfg = Release|Any CPU
		{B2A7EF04-0939-4DC3-B523-F9867B90B00C}.Release|Any CPU.Build.0 = Release|Any CPU
	EndGlobalSection
	GlobalSection(SolutionProperties) = preSolution
		HideSolutionNode = FALSE
	EndGlobalSection
EndGlobal
